
Microsoft Visual Studio Solution File, Format Version 12.00
# Visual Studio Version 17
VisualStudioVersion = 17.9.34728.123
MinimumVisualStudioVersion = 10.0.40219.1
Project("{FAE04EC0-301F-11D3-BF4B-00C04F79EFBC}") = "Assignment 6.4", "Assignment 6.4.csproj", "{1A83BCFF-6E4B-4892-A9A0-BE0331166924}"
EndProject
Global
	GlobalSection(SolutionConfigurationPlatforms) = preSolution
		Debug|Any CPU = Debug|Any CPU
		Release|Any CPU = Release|Any CPU
	EndGlobalSection
	GlobalSection(ProjectConfigurationPlatforms) = postSolution
		{1A83BCFF-6E4B-4892-A9A0-BE0331166924}.Debug|Any CPU.ActiveCfg = Debug|Any CPU
		{1A83BCFF-6E4B-4892-A9A0-BE0331166924}.Debug|Any CPU.Build.0 = Debug|Any CPU
		{1A83BCFF-6E4B-4892-A9A0-BE0331166924}.Release|Any CPU.ActiveCfg = Release|Any CPU
		{1A83BCFF-6E4B-4892-A9A0-BE0331166924}.Release|Any CPU.Build.0 = Release|Any CPU
	EndGlobalSection
	GlobalSection(SolutionProperties) = preSolution
		HideSolutionNode = FALSE
	EndGlobalSection
	GlobalSection(ExtensibilityGlobals) = postSolution
		SolutionGuid = {74732611-FB24-4226-AAB5-3F5AFC14CA1E}
	EndGlobalSection
EndGlobal
